// !$*UTF8*$!
{
	archiveVersion = 1;
	classes = {
	};
	objectVersion = 55;
	objects = {

/* Begin PBXBuildFile section */
		0E9B3E25E106918DFC432BA0 /* Pods_ios_base_viperTests.framework in Frameworks */ = {isa = PBXBuildFile; fileRef = F1838F1AE13606AF5556CE54 /* Pods_ios_base_viperTests.framework */; };
		25ED820F40BCC3C5AC17964E /* Pods_ios_base_viper.framework in Frameworks */ = {isa = PBXBuildFile; fileRef = FA975E2AB631164106C15FDC /* Pods_ios_base_viper.framework */; };
		38327E885B9DA894D5AF0DEC /* Pods_ios_base_viper_ios_base_viperUITests.framework in Frameworks */ = {isa = PBXBuildFile; fileRef = 235D70CF983092C55D620A78 /* Pods_ios_base_viper_ios_base_viperUITests.framework */; };
		6A4423A42913A76B00741634 /* APISetup.swift in Sources */ = {isa = PBXBuildFile; fileRef = 6A4423A32913A76B00741634 /* APISetup.swift */; };
		6A4423A62913A82000741634 /* APIEnvironment.swift in Sources */ = {isa = PBXBuildFile; fileRef = 6A4423A52913A82000741634 /* APIEnvironment.swift */; };
		6A4423A82913A96800741634 /* ListAPI.swift in Sources */ = {isa = PBXBuildFile; fileRef = 6A4423A72913A96800741634 /* ListAPI.swift */; };
		6A4423AA2913AA1000741634 /* Encodable+Extension.swift in Sources */ = {isa = PBXBuildFile; fileRef = 6A4423A92913AA1000741634 /* Encodable+Extension.swift */; };
		6A4423AC2913B16A00741634 /* BaseEnvironment.swift in Sources */ = {isa = PBXBuildFile; fileRef = 6A4423AB2913B16A00741634 /* BaseEnvironment.swift */; };
		6A4423AE2913B85400741634 /* Reachability.swift in Sources */ = {isa = PBXBuildFile; fileRef = 6A4423AD2913B85400741634 /* Reachability.swift */; };
		6A6E931D2917C77C003D95FD /* Date&Int+Extension.swift in Sources */ = {isa = PBXBuildFile; fileRef = 6A6E931C2917C77C003D95FD /* Date&Int+Extension.swift */; };
		6A6E932029184F63003D95FD /* FilterPopUpVC.swift in Sources */ = {isa = PBXBuildFile; fileRef = 6A6E931E29184F63003D95FD /* FilterPopUpVC.swift */; };
		6A6E932129184F63003D95FD /* FilterPopUpVC.xib in Resources */ = {isa = PBXBuildFile; fileRef = 6A6E931F29184F63003D95FD /* FilterPopUpVC.xib */; };
		6AAF5FF92921386700FD1773 /* FilterCell.swift in Sources */ = {isa = PBXBuildFile; fileRef = 6AAF5FF72921386700FD1773 /* FilterCell.swift */; };
		6AAF5FFA2921386700FD1773 /* FilterCell.xib in Resources */ = {isa = PBXBuildFile; fileRef = 6AAF5FF82921386700FD1773 /* FilterCell.xib */; };
		6AAF600129213E8300FD1773 /* StockListVC.swift in Sources */ = {isa = PBXBuildFile; fileRef = 6AAF5FFF29213E8300FD1773 /* StockListVC.swift */; };
		6AAF600229213E8300FD1773 /* StockListVC.xib in Resources */ = {isa = PBXBuildFile; fileRef = 6AAF600029213E8300FD1773 /* StockListVC.xib */; };
		6AAF600529215A9600FD1773 /* StockListCell.swift in Sources */ = {isa = PBXBuildFile; fileRef = 6AAF600329215A9600FD1773 /* StockListCell.swift */; };
		6AAF600629215A9600FD1773 /* StockListCell.xib in Resources */ = {isa = PBXBuildFile; fileRef = 6AAF600429215A9600FD1773 /* StockListCell.xib */; };
		6AAF600A2921613B00FD1773 /* StockListEntity.swift in Sources */ = {isa = PBXBuildFile; fileRef = 6AAF60092921613B00FD1773 /* StockListEntity.swift */; };
		6AB312712910F7540062E153 /* HomeRouter.swift in Sources */ = {isa = PBXBuildFile; fileRef = 6AB312702910F7540062E153 /* HomeRouter.swift */; };
		6AB312732910F7710062E153 /* HomeEntity.swift in Sources */ = {isa = PBXBuildFile; fileRef = 6AB312722910F7710062E153 /* HomeEntity.swift */; };
		6AB312752910F77A0062E153 /* HomePresenter.swift in Sources */ = {isa = PBXBuildFile; fileRef = 6AB312742910F77A0062E153 /* HomePresenter.swift */; };
		6AB312772910FAFB0062E153 /* HomeInteractor.swift in Sources */ = {isa = PBXBuildFile; fileRef = 6AB312762910FAFB0062E153 /* HomeInteractor.swift */; };
		6AB3127C2910FB2A0062E153 /* HomeVC.swift in Sources */ = {isa = PBXBuildFile; fileRef = 6AB3127A2910FB2A0062E153 /* HomeVC.swift */; };
		6AB3127D2910FB2A0062E153 /* HomeVC.xib in Resources */ = {isa = PBXBuildFile; fileRef = 6AB3127B2910FB2A0062E153 /* HomeVC.xib */; };
		6ACB9F9229127BE700930262 /* BaseVC.swift in Sources */ = {isa = PBXBuildFile; fileRef = 6ACB9F9129127BE700930262 /* BaseVC.swift */; };
		6ACB9F9429127BF200930262 /* BaseView.swift in Sources */ = {isa = PBXBuildFile; fileRef = 6ACB9F9329127BF200930262 /* BaseView.swift */; };
		6ACB9F982912901F00930262 /* Request.swift in Sources */ = {isa = PBXBuildFile; fileRef = 6ACB9F972912901F00930262 /* Request.swift */; };
		6ACB9F9C2912A5F700930262 /* RunningTradeRowCell.swift in Sources */ = {isa = PBXBuildFile; fileRef = 6ACB9F9A2912A5F700930262 /* RunningTradeRowCell.swift */; };
		6ACB9F9D2912A5F700930262 /* RunningTradeRowCell.xib in Resources */ = {isa = PBXBuildFile; fileRef = 6ACB9F9B2912A5F700930262 /* RunningTradeRowCell.xib */; };
		6ACB9FA02912CF4F00930262 /* CollectionViewCell.swift in Sources */ = {isa = PBXBuildFile; fileRef = 6ACB9F9E2912CF4F00930262 /* CollectionViewCell.swift */; };
		6ACB9FA12912CF4F00930262 /* CollectionViewCell.xib in Resources */ = {isa = PBXBuildFile; fileRef = 6ACB9F9F2912CF4F00930262 /* CollectionViewCell.xib */; };
		6ACB9FA42912E40800930262 /* UIViewController+Extension.swift in Sources */ = {isa = PBXBuildFile; fileRef = 6ACB9FA32912E40800930262 /* UIViewController+Extension.swift */; };
		6AD9697529103D8000227940 /* AppDelegate.swift in Sources */ = {isa = PBXBuildFile; fileRef = 6AD9697429103D8000227940 /* AppDelegate.swift */; };
		6AD9697729103D8000227940 /* SceneDelegate.swift in Sources */ = {isa = PBXBuildFile; fileRef = 6AD9697629103D8000227940 /* SceneDelegate.swift */; };
		6AD9697E29103D8100227940 /* Assets.xcassets in Resources */ = {isa = PBXBuildFile; fileRef = 6AD9697D29103D8100227940 /* Assets.xcassets */; };
		6AD9698129103D8100227940 /* LaunchScreen.storyboard in Resources */ = {isa = PBXBuildFile; fileRef = 6AD9697F29103D8100227940 /* LaunchScreen.storyboard */; };
		6AD9698C29103D8100227940 /* ios_base_viperTests.swift in Sources */ = {isa = PBXBuildFile; fileRef = 6AD9698B29103D8100227940 /* ios_base_viperTests.swift */; };
		6AD9699629103D8100227940 /* ios_base_viperUITests.swift in Sources */ = {isa = PBXBuildFile; fileRef = 6AD9699529103D8100227940 /* ios_base_viperUITests.swift */; };
		6AD9699829103D8100227940 /* ios_base_viperUITestsLaunchTests.swift in Sources */ = {isa = PBXBuildFile; fileRef = 6AD9699729103D8100227940 /* ios_base_viperUITestsLaunchTests.swift */; };
/* End PBXBuildFile section */

/* Begin PBXContainerItemProxy section */
		6AD9698829103D8100227940 /* PBXContainerItemProxy */ = {
			isa = PBXContainerItemProxy;
			containerPortal = 6AD9696929103D8000227940 /* Project object */;
			proxyType = 1;
			remoteGlobalIDString = 6AD9697029103D8000227940;
			remoteInfo = "ios-base-viper";
		};
		6AD9699229103D8100227940 /* PBXContainerItemProxy */ = {
			isa = PBXContainerItemProxy;
			containerPortal = 6AD9696929103D8000227940 /* Project object */;
			proxyType = 1;
			remoteGlobalIDString = 6AD9697029103D8000227940;
			remoteInfo = "ios-base-viper";
		};
/* End PBXContainerItemProxy section */

/* Begin PBXFileReference section */
		235D70CF983092C55D620A78 /* Pods_ios_base_viper_ios_base_viperUITests.framework */ = {isa = PBXFileReference; explicitFileType = wrapper.framework; includeInIndex = 0; path = Pods_ios_base_viper_ios_base_viperUITests.framework; sourceTree = BUILT_PRODUCTS_DIR; };
		6A4423A32913A76B00741634 /* APISetup.swift */ = {isa = PBXFileReference; lastKnownFileType = sourcecode.swift; path = APISetup.swift; sourceTree = "<group>"; };
		6A4423A52913A82000741634 /* APIEnvironment.swift */ = {isa = PBXFileReference; lastKnownFileType = sourcecode.swift; path = APIEnvironment.swift; sourceTree = "<group>"; };
		6A4423A72913A96800741634 /* ListAPI.swift */ = {isa = PBXFileReference; lastKnownFileType = sourcecode.swift; path = ListAPI.swift; sourceTree = "<group>"; };
		6A4423A92913AA1000741634 /* Encodable+Extension.swift */ = {isa = PBXFileReference; lastKnownFileType = sourcecode.swift; path = "Encodable+Extension.swift"; sourceTree = "<group>"; };
		6A4423AB2913B16A00741634 /* BaseEnvironment.swift */ = {isa = PBXFileReference; lastKnownFileType = sourcecode.swift; path = BaseEnvironment.swift; sourceTree = "<group>"; };
		6A4423AD2913B85400741634 /* Reachability.swift */ = {isa = PBXFileReference; lastKnownFileType = sourcecode.swift; path = Reachability.swift; sourceTree = "<group>"; };
		6A6E931C2917C77C003D95FD /* Date&Int+Extension.swift */ = {isa = PBXFileReference; lastKnownFileType = sourcecode.swift; path = "Date&Int+Extension.swift"; sourceTree = "<group>"; };
		6A6E931E29184F63003D95FD /* FilterPopUpVC.swift */ = {isa = PBXFileReference; lastKnownFileType = sourcecode.swift; path = FilterPopUpVC.swift; sourceTree = "<group>"; };
		6A6E931F29184F63003D95FD /* FilterPopUpVC.xib */ = {isa = PBXFileReference; lastKnownFileType = file.xib; path = FilterPopUpVC.xib; sourceTree = "<group>"; };
		6AAF5FF72921386700FD1773 /* FilterCell.swift */ = {isa = PBXFileReference; lastKnownFileType = sourcecode.swift; path = FilterCell.swift; sourceTree = "<group>"; };
		6AAF5FF82921386700FD1773 /* FilterCell.xib */ = {isa = PBXFileReference; lastKnownFileType = file.xib; path = FilterCell.xib; sourceTree = "<group>"; };
		6AAF5FFF29213E8300FD1773 /* StockListVC.swift */ = {isa = PBXFileReference; lastKnownFileType = sourcecode.swift; path = StockListVC.swift; sourceTree = "<group>"; };
		6AAF600029213E8300FD1773 /* StockListVC.xib */ = {isa = PBXFileReference; lastKnownFileType = file.xib; path = StockListVC.xib; sourceTree = "<group>"; };
		6AAF600329215A9600FD1773 /* StockListCell.swift */ = {isa = PBXFileReference; lastKnownFileType = sourcecode.swift; path = StockListCell.swift; sourceTree = "<group>"; };
		6AAF600429215A9600FD1773 /* StockListCell.xib */ = {isa = PBXFileReference; lastKnownFileType = file.xib; path = StockListCell.xib; sourceTree = "<group>"; };
		6AAF60092921613B00FD1773 /* StockListEntity.swift */ = {isa = PBXFileReference; lastKnownFileType = sourcecode.swift; path = StockListEntity.swift; sourceTree = "<group>"; };
		6AB312702910F7540062E153 /* HomeRouter.swift */ = {isa = PBXFileReference; lastKnownFileType = sourcecode.swift; path = HomeRouter.swift; sourceTree = "<group>"; };
		6AB312722910F7710062E153 /* HomeEntity.swift */ = {isa = PBXFileReference; lastKnownFileType = sourcecode.swift; path = HomeEntity.swift; sourceTree = "<group>"; };
		6AB312742910F77A0062E153 /* HomePresenter.swift */ = {isa = PBXFileReference; lastKnownFileType = sourcecode.swift; path = HomePresenter.swift; sourceTree = "<group>"; };
		6AB312762910FAFB0062E153 /* HomeInteractor.swift */ = {isa = PBXFileReference; lastKnownFileType = sourcecode.swift; path = HomeInteractor.swift; sourceTree = "<group>"; };
		6AB3127A2910FB2A0062E153 /* HomeVC.swift */ = {isa = PBXFileReference; lastKnownFileType = sourcecode.swift; path = HomeVC.swift; sourceTree = "<group>"; };
		6AB3127B2910FB2A0062E153 /* HomeVC.xib */ = {isa = PBXFileReference; lastKnownFileType = file.xib; path = HomeVC.xib; sourceTree = "<group>"; };
		6ACB9F9129127BE700930262 /* BaseVC.swift */ = {isa = PBXFileReference; lastKnownFileType = sourcecode.swift; path = BaseVC.swift; sourceTree = "<group>"; };
		6ACB9F9329127BF200930262 /* BaseView.swift */ = {isa = PBXFileReference; lastKnownFileType = sourcecode.swift; path = BaseView.swift; sourceTree = "<group>"; };
		6ACB9F972912901F00930262 /* Request.swift */ = {isa = PBXFileReference; lastKnownFileType = sourcecode.swift; path = Request.swift; sourceTree = "<group>"; };
		6ACB9F9A2912A5F700930262 /* RunningTradeRowCell.swift */ = {isa = PBXFileReference; lastKnownFileType = sourcecode.swift; path = RunningTradeRowCell.swift; sourceTree = "<group>"; };
		6ACB9F9B2912A5F700930262 /* RunningTradeRowCell.xib */ = {isa = PBXFileReference; lastKnownFileType = file.xib; path = RunningTradeRowCell.xib; sourceTree = "<group>"; };
		6ACB9F9E2912CF4F00930262 /* CollectionViewCell.swift */ = {isa = PBXFileReference; lastKnownFileType = sourcecode.swift; path = CollectionViewCell.swift; sourceTree = "<group>"; };
		6ACB9F9F2912CF4F00930262 /* CollectionViewCell.xib */ = {isa = PBXFileReference; lastKnownFileType = file.xib; path = CollectionViewCell.xib; sourceTree = "<group>"; };
		6ACB9FA32912E40800930262 /* UIViewController+Extension.swift */ = {isa = PBXFileReference; lastKnownFileType = sourcecode.swift; path = "UIViewController+Extension.swift"; sourceTree = "<group>"; };
		6AD9697129103D8000227940 /* ios-base-viper.app */ = {isa = PBXFileReference; explicitFileType = wrapper.application; includeInIndex = 0; path = "ios-base-viper.app"; sourceTree = BUILT_PRODUCTS_DIR; };
		6AD9697429103D8000227940 /* AppDelegate.swift */ = {isa = PBXFileReference; lastKnownFileType = sourcecode.swift; path = AppDelegate.swift; sourceTree = "<group>"; };
		6AD9697629103D8000227940 /* SceneDelegate.swift */ = {isa = PBXFileReference; lastKnownFileType = sourcecode.swift; path = SceneDelegate.swift; sourceTree = "<group>"; };
		6AD9697D29103D8100227940 /* Assets.xcassets */ = {isa = PBXFileReference; lastKnownFileType = folder.assetcatalog; path = Assets.xcassets; sourceTree = "<group>"; };
		6AD9698029103D8100227940 /* Base */ = {isa = PBXFileReference; lastKnownFileType = file.storyboard; name = Base; path = Base.lproj/LaunchScreen.storyboard; sourceTree = "<group>"; };
		6AD9698229103D8100227940 /* Info.plist */ = {isa = PBXFileReference; lastKnownFileType = text.plist.xml; path = Info.plist; sourceTree = "<group>"; };
		6AD9698729103D8100227940 /* ios-base-viperTests.xctest */ = {isa = PBXFileReference; explicitFileType = wrapper.cfbundle; includeInIndex = 0; path = "ios-base-viperTests.xctest"; sourceTree = BUILT_PRODUCTS_DIR; };
		6AD9698B29103D8100227940 /* ios_base_viperTests.swift */ = {isa = PBXFileReference; lastKnownFileType = sourcecode.swift; path = ios_base_viperTests.swift; sourceTree = "<group>"; };
		6AD9699129103D8100227940 /* ios-base-viperUITests.xctest */ = {isa = PBXFileReference; explicitFileType = wrapper.cfbundle; includeInIndex = 0; path = "ios-base-viperUITests.xctest"; sourceTree = BUILT_PRODUCTS_DIR; };
		6AD9699529103D8100227940 /* ios_base_viperUITests.swift */ = {isa = PBXFileReference; lastKnownFileType = sourcecode.swift; path = ios_base_viperUITests.swift; sourceTree = "<group>"; };
		6AD9699729103D8100227940 /* ios_base_viperUITestsLaunchTests.swift */ = {isa = PBXFileReference; lastKnownFileType = sourcecode.swift; path = ios_base_viperUITestsLaunchTests.swift; sourceTree = "<group>"; };
		A022D4A94B1B077C8978E933 /* Pods-ios-base-viper-ios-base-viperUITests.debug.xcconfig */ = {isa = PBXFileReference; includeInIndex = 1; lastKnownFileType = text.xcconfig; name = "Pods-ios-base-viper-ios-base-viperUITests.debug.xcconfig"; path = "Target Support Files/Pods-ios-base-viper-ios-base-viperUITests/Pods-ios-base-viper-ios-base-viperUITests.debug.xcconfig"; sourceTree = "<group>"; };
		A08309F317C98B3A37EA4DD0 /* Pods-ios-base-viper.release.xcconfig */ = {isa = PBXFileReference; includeInIndex = 1; lastKnownFileType = text.xcconfig; name = "Pods-ios-base-viper.release.xcconfig"; path = "Target Support Files/Pods-ios-base-viper/Pods-ios-base-viper.release.xcconfig"; sourceTree = "<group>"; };
		B75A8114D39B82A7AF2E2D72 /* Pods-ios-base-viper.debug.xcconfig */ = {isa = PBXFileReference; includeInIndex = 1; lastKnownFileType = text.xcconfig; name = "Pods-ios-base-viper.debug.xcconfig"; path = "Target Support Files/Pods-ios-base-viper/Pods-ios-base-viper.debug.xcconfig"; sourceTree = "<group>"; };
		BED51DA9AECC781ED5A1D243 /* Pods-ios-base-viperTests.release.xcconfig */ = {isa = PBXFileReference; includeInIndex = 1; lastKnownFileType = text.xcconfig; name = "Pods-ios-base-viperTests.release.xcconfig"; path = "Target Support Files/Pods-ios-base-viperTests/Pods-ios-base-viperTests.release.xcconfig"; sourceTree = "<group>"; };
		D50C6F5D60DB1F7686A49A2D /* Pods-ios-base-viper-ios-base-viperUITests.release.xcconfig */ = {isa = PBXFileReference; includeInIndex = 1; lastKnownFileType = text.xcconfig; name = "Pods-ios-base-viper-ios-base-viperUITests.release.xcconfig"; path = "Target Support Files/Pods-ios-base-viper-ios-base-viperUITests/Pods-ios-base-viper-ios-base-viperUITests.release.xcconfig"; sourceTree = "<group>"; };
		E2133C31C1AFA02AC08BBB29 /* Pods-ios-base-viperTests.debug.xcconfig */ = {isa = PBXFileReference; includeInIndex = 1; lastKnownFileType = text.xcconfig; name = "Pods-ios-base-viperTests.debug.xcconfig"; path = "Target Support Files/Pods-ios-base-viperTests/Pods-ios-base-viperTests.debug.xcconfig"; sourceTree = "<group>"; };
		F1838F1AE13606AF5556CE54 /* Pods_ios_base_viperTests.framework */ = {isa = PBXFileReference; explicitFileType = wrapper.framework; includeInIndex = 0; path = Pods_ios_base_viperTests.framework; sourceTree = BUILT_PRODUCTS_DIR; };
		FA975E2AB631164106C15FDC /* Pods_ios_base_viper.framework */ = {isa = PBXFileReference; explicitFileType = wrapper.framework; includeInIndex = 0; path = Pods_ios_base_viper.framework; sourceTree = BUILT_PRODUCTS_DIR; };
/* End PBXFileReference section */

/* Begin PBXFrameworksBuildPhase section */
		6AD9696E29103D8000227940 /* Frameworks */ = {
			isa = PBXFrameworksBuildPhase;
			buildActionMask = 2147483647;
			files = (
				25ED820F40BCC3C5AC17964E /* Pods_ios_base_viper.framework in Frameworks */,
			);
			runOnlyForDeploymentPostprocessing = 0;
		};
		6AD9698429103D8100227940 /* Frameworks */ = {
			isa = PBXFrameworksBuildPhase;
			buildActionMask = 2147483647;
			files = (
				0E9B3E25E106918DFC432BA0 /* Pods_ios_base_viperTests.framework in Frameworks */,
			);
			runOnlyForDeploymentPostprocessing = 0;
		};
		6AD9698E29103D8100227940 /* Frameworks */ = {
			isa = PBXFrameworksBuildPhase;
			buildActionMask = 2147483647;
			files = (
				38327E885B9DA894D5AF0DEC /* Pods_ios_base_viper_ios_base_viperUITests.framework in Frameworks */,
			);
			runOnlyForDeploymentPostprocessing = 0;
		};
/* End PBXFrameworksBuildPhase section */

/* Begin PBXGroup section */
		4A8CE915C7E5AD6C841B030D /* Pods */ = {
			isa = PBXGroup;
			children = (
				B75A8114D39B82A7AF2E2D72 /* Pods-ios-base-viper.debug.xcconfig */,
				A08309F317C98B3A37EA4DD0 /* Pods-ios-base-viper.release.xcconfig */,
				A022D4A94B1B077C8978E933 /* Pods-ios-base-viper-ios-base-viperUITests.debug.xcconfig */,
				D50C6F5D60DB1F7686A49A2D /* Pods-ios-base-viper-ios-base-viperUITests.release.xcconfig */,
				E2133C31C1AFA02AC08BBB29 /* Pods-ios-base-viperTests.debug.xcconfig */,
				BED51DA9AECC781ED5A1D243 /* Pods-ios-base-viperTests.release.xcconfig */,
			);
			path = Pods;
			sourceTree = "<group>";
		};
		6AB3126A2910F6E80062E153 /* Home Module */ = {
			isa = PBXGroup;
			children = (
				6AB3126F2910F7160062E153 /* View */,
				6AB3126E2910F7100062E153 /* Interactor */,
				6AB3126D2910F7000062E153 /* Presenter */,
				6AB3126C2910F6FA0062E153 /* Entity */,
				6AB3126B2910F6F50062E153 /* Router */,
			);
			path = "Home Module";
			sourceTree = "<group>";
		};
		6AB3126B2910F6F50062E153 /* Router */ = {
			isa = PBXGroup;
			children = (
				6AB312702910F7540062E153 /* HomeRouter.swift */,
			);
			path = Router;
			sourceTree = "<group>";
		};
		6AB3126C2910F6FA0062E153 /* Entity */ = {
			isa = PBXGroup;
			children = (
				6AB312722910F7710062E153 /* HomeEntity.swift */,
				6AAF60092921613B00FD1773 /* StockListEntity.swift */,
			);
			path = Entity;
			sourceTree = "<group>";
		};
		6AB3126D2910F7000062E153 /* Presenter */ = {
			isa = PBXGroup;
			children = (
				6AB312742910F77A0062E153 /* HomePresenter.swift */,
			);
			path = Presenter;
			sourceTree = "<group>";
		};
		6AB3126E2910F7100062E153 /* Interactor */ = {
			isa = PBXGroup;
			children = (
				6AB312762910FAFB0062E153 /* HomeInteractor.swift */,
				6A4423A72913A96800741634 /* ListAPI.swift */,
			);
			path = Interactor;
			sourceTree = "<group>";
		};
		6AB3126F2910F7160062E153 /* View */ = {
			isa = PBXGroup;
			children = (
				6ACB9F992912A5B100930262 /* Cell */,
				6AB3127A2910FB2A0062E153 /* HomeVC.swift */,
				6AB3127B2910FB2A0062E153 /* HomeVC.xib */,
				6A6E931E29184F63003D95FD /* FilterPopUpVC.swift */,
				6A6E931F29184F63003D95FD /* FilterPopUpVC.xib */,
				6AAF5FFF29213E8300FD1773 /* StockListVC.swift */,
				6AAF600029213E8300FD1773 /* StockListVC.xib */,
			);
			path = View;
			sourceTree = "<group>";
		};
		6ACB9F8C29124D5500930262 /* Module */ = {
			isa = PBXGroup;
			children = (
				6AB3126A2910F6E80062E153 /* Home Module */,
			);
			path = Module;
			sourceTree = "<group>";
		};
		6ACB9F8D29124D8E00930262 /* Component */ = {
			isa = PBXGroup;
			children = (
				6ACB9F962912851900930262 /* Network */,
				6ACB9FA22912E3D000930262 /* Helper */,
				6ACB9F8E29127B9A00930262 /* Base */,
			);
			path = Component;
			sourceTree = "<group>";
		};
		6ACB9F8E29127B9A00930262 /* Base */ = {
			isa = PBXGroup;
			children = (
				6ACB9F9129127BE700930262 /* BaseVC.swift */,
				6ACB9F9329127BF200930262 /* BaseView.swift */,
			);
			path = Base;
			sourceTree = "<group>";
		};
		6ACB9F962912851900930262 /* Network */ = {
			isa = PBXGroup;
			children = (
				6ACB9F972912901F00930262 /* Request.swift */,
				6A4423A32913A76B00741634 /* APISetup.swift */,
				6A4423A52913A82000741634 /* APIEnvironment.swift */,
				6A4423AB2913B16A00741634 /* BaseEnvironment.swift */,
				6A4423AD2913B85400741634 /* Reachability.swift */,
			);
			path = Network;
			sourceTree = "<group>";
		};
		6ACB9F992912A5B100930262 /* Cell */ = {
			isa = PBXGroup;
			children = (
				6ACB9F9A2912A5F700930262 /* RunningTradeRowCell.swift */,
				6ACB9F9B2912A5F700930262 /* RunningTradeRowCell.xib */,
				6ACB9F9E2912CF4F00930262 /* CollectionViewCell.swift */,
				6ACB9F9F2912CF4F00930262 /* CollectionViewCell.xib */,
				6AAF5FF72921386700FD1773 /* FilterCell.swift */,
				6AAF5FF82921386700FD1773 /* FilterCell.xib */,
				6AAF600329215A9600FD1773 /* StockListCell.swift */,
				6AAF600429215A9600FD1773 /* StockListCell.xib */,
			);
			path = Cell;
			sourceTree = "<group>";
		};
		6ACB9FA22912E3D000930262 /* Helper */ = {
			isa = PBXGroup;
			children = (
				6ACB9FA32912E40800930262 /* UIViewController+Extension.swift */,
				6A4423A92913AA1000741634 /* Encodable+Extension.swift */,
				6A6E931C2917C77C003D95FD /* Date&Int+Extension.swift */,
			);
			path = Helper;
			sourceTree = "<group>";
		};
		6AD9696829103D8000227940 = {
			isa = PBXGroup;
			children = (
				6AD9697329103D8000227940 /* ios-base-viper */,
				6AD9698A29103D8100227940 /* ios-base-viperTests */,
				6AD9699429103D8100227940 /* ios-base-viperUITests */,
				6AD9697229103D8000227940 /* Products */,
				4A8CE915C7E5AD6C841B030D /* Pods */,
				DE261B1A1F18E26879DF866C /* Frameworks */,
			);
			sourceTree = "<group>";
		};
		6AD9697229103D8000227940 /* Products */ = {
			isa = PBXGroup;
			children = (
				6AD9697129103D8000227940 /* ios-base-viper.app */,
				6AD9698729103D8100227940 /* ios-base-viperTests.xctest */,
				6AD9699129103D8100227940 /* ios-base-viperUITests.xctest */,
			);
			name = Products;
			sourceTree = "<group>";
		};
		6AD9697329103D8000227940 /* ios-base-viper */ = {
			isa = PBXGroup;
			children = (
				6ACB9F8D29124D8E00930262 /* Component */,
				6ACB9F8C29124D5500930262 /* Module */,
				6AD9697429103D8000227940 /* AppDelegate.swift */,
				6AD9697629103D8000227940 /* SceneDelegate.swift */,
				6AD9697D29103D8100227940 /* Assets.xcassets */,
				6AD9697F29103D8100227940 /* LaunchScreen.storyboard */,
				6AD9698229103D8100227940 /* Info.plist */,
			);
			path = "ios-base-viper";
			sourceTree = "<group>";
		};
		6AD9698A29103D8100227940 /* ios-base-viperTests */ = {
			isa = PBXGroup;
			children = (
				6AD9698B29103D8100227940 /* ios_base_viperTests.swift */,
			);
			path = "ios-base-viperTests";
			sourceTree = "<group>";
		};
		6AD9699429103D8100227940 /* ios-base-viperUITests */ = {
			isa = PBXGroup;
			children = (
				6AD9699529103D8100227940 /* ios_base_viperUITests.swift */,
				6AD9699729103D8100227940 /* ios_base_viperUITestsLaunchTests.swift */,
			);
			path = "ios-base-viperUITests";
			sourceTree = "<group>";
		};
		DE261B1A1F18E26879DF866C /* Frameworks */ = {
			isa = PBXGroup;
			children = (
				FA975E2AB631164106C15FDC /* Pods_ios_base_viper.framework */,
				235D70CF983092C55D620A78 /* Pods_ios_base_viper_ios_base_viperUITests.framework */,
				F1838F1AE13606AF5556CE54 /* Pods_ios_base_viperTests.framework */,
			);
			name = Frameworks;
			sourceTree = "<group>";
		};
/* End PBXGroup section */

/* Begin PBXNativeTarget section */
		6AD9697029103D8000227940 /* ios-base-viper */ = {
			isa = PBXNativeTarget;
			buildConfigurationList = 6AD9699B29103D8100227940 /* Build configuration list for PBXNativeTarget "ios-base-viper" */;
			buildPhases = (
				872852D353861C1038BB2500 /* [CP] Check Pods Manifest.lock */,
				6AD9696D29103D8000227940 /* Sources */,
				6AD9696E29103D8000227940 /* Frameworks */,
				6AD9696F29103D8000227940 /* Resources */,
				279A3381EAA57AA449AE7394 /* [CP] Embed Pods Frameworks */,
			);
			buildRules = (
			);
			dependencies = (
			);
			name = "ios-base-viper";
			productName = "ios-base-viper";
			productReference = 6AD9697129103D8000227940 /* ios-base-viper.app */;
			productType = "com.apple.product-type.application";
		};
		6AD9698629103D8100227940 /* ios-base-viperTests */ = {
			isa = PBXNativeTarget;
			buildConfigurationList = 6AD9699E29103D8100227940 /* Build configuration list for PBXNativeTarget "ios-base-viperTests" */;
			buildPhases = (
				3A69B2E1F32528F0A8C5D804 /* [CP] Check Pods Manifest.lock */,
				6AD9698329103D8100227940 /* Sources */,
				6AD9698429103D8100227940 /* Frameworks */,
				6AD9698529103D8100227940 /* Resources */,
			);
			buildRules = (
			);
			dependencies = (
				6AD9698929103D8100227940 /* PBXTargetDependency */,
			);
			name = "ios-base-viperTests";
			productName = "ios-base-viperTests";
			productReference = 6AD9698729103D8100227940 /* ios-base-viperTests.xctest */;
			productType = "com.apple.product-type.bundle.unit-test";
		};
		6AD9699029103D8100227940 /* ios-base-viperUITests */ = {
			isa = PBXNativeTarget;
			buildConfigurationList = 6AD969A129103D8100227940 /* Build configuration list for PBXNativeTarget "ios-base-viperUITests" */;
			buildPhases = (
				B1D1A4C7BF2B3107B8BF8B39 /* [CP] Check Pods Manifest.lock */,
				6AD9698D29103D8100227940 /* Sources */,
				6AD9698E29103D8100227940 /* Frameworks */,
				6AD9698F29103D8100227940 /* Resources */,
				B464FFDD3EA7E7026F4899BF /* [CP] Embed Pods Frameworks */,
			);
			buildRules = (
			);
			dependencies = (
				6AD9699329103D8100227940 /* PBXTargetDependency */,
			);
			name = "ios-base-viperUITests";
			productName = "ios-base-viperUITests";
			productReference = 6AD9699129103D8100227940 /* ios-base-viperUITests.xctest */;
			productType = "com.apple.product-type.bundle.ui-testing";
		};
/* End PBXNativeTarget section */

/* Begin PBXProject section */
		6AD9696929103D8000227940 /* Project object */ = {
			isa = PBXProject;
			attributes = {
				BuildIndependentTargetsInParallel = 1;
				LastSwiftUpdateCheck = 1340;
				LastUpgradeCheck = 1340;
				TargetAttributes = {
					6AD9697029103D8000227940 = {
						CreatedOnToolsVersion = 13.4.1;
					};
					6AD9698629103D8100227940 = {
						CreatedOnToolsVersion = 13.4.1;
						TestTargetID = 6AD9697029103D8000227940;
					};
					6AD9699029103D8100227940 = {
						CreatedOnToolsVersion = 13.4.1;
						TestTargetID = 6AD9697029103D8000227940;
					};
				};
			};
			buildConfigurationList = 6AD9696C29103D8000227940 /* Build configuration list for PBXProject "ios-base-viper" */;
			compatibilityVersion = "Xcode 13.0";
			developmentRegion = en;
			hasScannedForEncodings = 0;
			knownRegions = (
				en,
				Base,
			);
			mainGroup = 6AD9696829103D8000227940;
			productRefGroup = 6AD9697229103D8000227940 /* Products */;
			projectDirPath = "";
			projectRoot = "";
			targets = (
				6AD9697029103D8000227940 /* ios-base-viper */,
				6AD9698629103D8100227940 /* ios-base-viperTests */,
				6AD9699029103D8100227940 /* ios-base-viperUITests */,
			);
		};
/* End PBXProject section */

/* Begin PBXResourcesBuildPhase section */
		6AD9696F29103D8000227940 /* Resources */ = {
			isa = PBXResourcesBuildPhase;
			buildActionMask = 2147483647;
			files = (
				6AD9698129103D8100227940 /* LaunchScreen.storyboard in Resources */,
				6AAF600229213E8300FD1773 /* StockListVC.xib in Resources */,
				6AAF600629215A9600FD1773 /* StockListCell.xib in Resources */,
				6A6E932129184F63003D95FD /* FilterPopUpVC.xib in Resources */,
				6ACB9F9D2912A5F700930262 /* RunningTradeRowCell.xib in Resources */,
				6AB3127D2910FB2A0062E153 /* HomeVC.xib in Resources */,
				6AD9697E29103D8100227940 /* Assets.xcassets in Resources */,
				6ACB9FA12912CF4F00930262 /* CollectionViewCell.xib in Resources */,
				6AAF5FFA2921386700FD1773 /* FilterCell.xib in Resources */,
			);
			runOnlyForDeploymentPostprocessing = 0;
		};
		6AD9698529103D8100227940 /* Resources */ = {
			isa = PBXResourcesBuildPhase;
			buildActionMask = 2147483647;
			files = (
			);
			runOnlyForDeploymentPostprocessing = 0;
		};
		6AD9698F29103D8100227940 /* Resources */ = {
			isa = PBXResourcesBuildPhase;
			buildActionMask = 2147483647;
			files = (
			);
			runOnlyForDeploymentPostprocessing = 0;
		};
/* End PBXResourcesBuildPhase section */

/* Begin PBXShellScriptBuildPhase section */
		279A3381EAA57AA449AE7394 /* [CP] Embed Pods Frameworks */ = {
			isa = PBXShellScriptBuildPhase;
			buildActionMask = 2147483647;
			files = (
			);
			inputFileListPaths = (
				"${PODS_ROOT}/Target Support Files/Pods-ios-base-viper/Pods-ios-base-viper-frameworks-${CONFIGURATION}-input-files.xcfilelist",
			);
			name = "[CP] Embed Pods Frameworks";
			outputFileListPaths = (
				"${PODS_ROOT}/Target Support Files/Pods-ios-base-viper/Pods-ios-base-viper-frameworks-${CONFIGURATION}-output-files.xcfilelist",
			);
			runOnlyForDeploymentPostprocessing = 0;
			shellPath = /bin/sh;
			shellScript = "\"${PODS_ROOT}/Target Support Files/Pods-ios-base-viper/Pods-ios-base-viper-frameworks.sh\"\n";
			showEnvVarsInLog = 0;
		};
		3A69B2E1F32528F0A8C5D804 /* [CP] Check Pods Manifest.lock */ = {
			isa = PBXShellScriptBuildPhase;
			buildActionMask = 2147483647;
			files = (
			);
			inputFileListPaths = (
			);
			inputPaths = (
				"${PODS_PODFILE_DIR_PATH}/Podfile.lock",
				"${PODS_ROOT}/Manifest.lock",
			);
			name = "[CP] Check Pods Manifest.lock";
			outputFileListPaths = (
			);
			outputPaths = (
				"$(DERIVED_FILE_DIR)/Pods-ios-base-viperTests-checkManifestLockResult.txt",
			);
			runOnlyForDeploymentPostprocessing = 0;
			shellPath = /bin/sh;
			shellScript = "diff \"${PODS_PODFILE_DIR_PATH}/Podfile.lock\" \"${PODS_ROOT}/Manifest.lock\" > /dev/null\nif [ $? != 0 ] ; then\n    # print error to STDERR\n    echo \"error: The sandbox is not in sync with the Podfile.lock. Run 'pod install' or update your CocoaPods installation.\" >&2\n    exit 1\nfi\n# This output is used by Xcode 'outputs' to avoid re-running this script phase.\necho \"SUCCESS\" > \"${SCRIPT_OUTPUT_FILE_0}\"\n";
			showEnvVarsInLog = 0;
		};
		872852D353861C1038BB2500 /* [CP] Check Pods Manifest.lock */ = {
			isa = PBXShellScriptBuildPhase;
			buildActionMask = 2147483647;
			files = (
			);
			inputFileListPaths = (
			);
			inputPaths = (
				"${PODS_PODFILE_DIR_PATH}/Podfile.lock",
				"${PODS_ROOT}/Manifest.lock",
			);
			name = "[CP] Check Pods Manifest.lock";
			outputFileListPaths = (
			);
			outputPaths = (
				"$(DERIVED_FILE_DIR)/Pods-ios-base-viper-checkManifestLockResult.txt",
			);
			runOnlyForDeploymentPostprocessing = 0;
			shellPath = /bin/sh;
			shellScript = "diff \"${PODS_PODFILE_DIR_PATH}/Podfile.lock\" \"${PODS_ROOT}/Manifest.lock\" > /dev/null\nif [ $? != 0 ] ; then\n    # print error to STDERR\n    echo \"error: The sandbox is not in sync with the Podfile.lock. Run 'pod install' or update your CocoaPods installation.\" >&2\n    exit 1\nfi\n# This output is used by Xcode 'outputs' to avoid re-running this script phase.\necho \"SUCCESS\" > \"${SCRIPT_OUTPUT_FILE_0}\"\n";
			showEnvVarsInLog = 0;
		};
		B1D1A4C7BF2B3107B8BF8B39 /* [CP] Check Pods Manifest.lock */ = {
			isa = PBXShellScriptBuildPhase;
			buildActionMask = 2147483647;
			files = (
			);
			inputFileListPaths = (
			);
			inputPaths = (
				"${PODS_PODFILE_DIR_PATH}/Podfile.lock",
				"${PODS_ROOT}/Manifest.lock",
			);
			name = "[CP] Check Pods Manifest.lock";
			outputFileListPaths = (
			);
			outputPaths = (
				"$(DERIVED_FILE_DIR)/Pods-ios-base-viper-ios-base-viperUITests-checkManifestLockResult.txt",
			);
			runOnlyForDeploymentPostprocessing = 0;
			shellPath = /bin/sh;
			shellScript = "diff \"${PODS_PODFILE_DIR_PATH}/Podfile.lock\" \"${PODS_ROOT}/Manifest.lock\" > /dev/null\nif [ $? != 0 ] ; then\n    # print error to STDERR\n    echo \"error: The sandbox is not in sync with the Podfile.lock. Run 'pod install' or update your CocoaPods installation.\" >&2\n    exit 1\nfi\n# This output is used by Xcode 'outputs' to avoid re-running this script phase.\necho \"SUCCESS\" > \"${SCRIPT_OUTPUT_FILE_0}\"\n";
			showEnvVarsInLog = 0;
		};
		B464FFDD3EA7E7026F4899BF /* [CP] Embed Pods Frameworks */ = {
			isa = PBXShellScriptBuildPhase;
			buildActionMask = 2147483647;
			files = (
			);
			inputFileListPaths = (
				"${PODS_ROOT}/Target Support Files/Pods-ios-base-viper-ios-base-viperUITests/Pods-ios-base-viper-ios-base-viperUITests-frameworks-${CONFIGURATION}-input-files.xcfilelist",
			);
			name = "[CP] Embed Pods Frameworks";
			outputFileListPaths = (
				"${PODS_ROOT}/Target Support Files/Pods-ios-base-viper-ios-base-viperUITests/Pods-ios-base-viper-ios-base-viperUITests-frameworks-${CONFIGURATION}-output-files.xcfilelist",
			);
			runOnlyForDeploymentPostprocessing = 0;
			shellPath = /bin/sh;
			shellScript = "\"${PODS_ROOT}/Target Support Files/Pods-ios-base-viper-ios-base-viperUITests/Pods-ios-base-viper-ios-base-viperUITests-frameworks.sh\"\n";
			showEnvVarsInLog = 0;
		};
/* End PBXShellScriptBuildPhase section */

/* Begin PBXSourcesBuildPhase section */
		6AD9696D29103D8000227940 /* Sources */ = {
			isa = PBXSourcesBuildPhase;
			buildActionMask = 2147483647;
			files = (
				6A4423A42913A76B00741634 /* APISetup.swift in Sources */,
				6AB3127C2910FB2A0062E153 /* HomeVC.swift in Sources */,
				6A4423AE2913B85400741634 /* Reachability.swift in Sources */,
				6ACB9FA42912E40800930262 /* UIViewController+Extension.swift in Sources */,
				6AB312712910F7540062E153 /* HomeRouter.swift in Sources */,
				6A4423AC2913B16A00741634 /* BaseEnvironment.swift in Sources */,
				6AAF600529215A9600FD1773 /* StockListCell.swift in Sources */,
				6ACB9FA02912CF4F00930262 /* CollectionViewCell.swift in Sources */,
				6AD9697529103D8000227940 /* AppDelegate.swift in Sources */,
				6A6E931D2917C77C003D95FD /* Date&Int+Extension.swift in Sources */,
				6A6E932029184F63003D95FD /* FilterPopUpVC.swift in Sources */,
				6ACB9F982912901F00930262 /* Request.swift in Sources */,
				6ACB9F9229127BE700930262 /* BaseVC.swift in Sources */,
				6A4423A62913A82000741634 /* APIEnvironment.swift in Sources */,
				6AAF5FF92921386700FD1773 /* FilterCell.swift in Sources */,
				6AAF600A2921613B00FD1773 /* StockListEntity.swift in Sources */,
				6AB312752910F77A0062E153 /* HomePresenter.swift in Sources */,
				6AB312732910F7710062E153 /* HomeEntity.swift in Sources */,
				6ACB9F9429127BF200930262 /* BaseView.swift in Sources */,
				6A4423AA2913AA1000741634 /* Encodable+Extension.swift in Sources */,
				6AD9697729103D8000227940 /* SceneDelegate.swift in Sources */,
				6ACB9F9C2912A5F700930262 /* RunningTradeRowCell.swift in Sources */,
				6AAF600129213E8300FD1773 /* StockListVC.swift in Sources */,
				6A4423A82913A96800741634 /* ListAPI.swift in Sources */,
				6AB312772910FAFB0062E153 /* HomeInteractor.swift in Sources */,
			);
			runOnlyForDeploymentPostprocessing = 0;
		};
		6AD9698329103D8100227940 /* Sources */ = {
			isa = PBXSourcesBuildPhase;
			buildActionMask = 2147483647;
			files = (
				6AD9698C29103D8100227940 /* ios_base_viperTests.swift in Sources */,
			);
			runOnlyForDeploymentPostprocessing = 0;
		};
		6AD9698D29103D8100227940 /* Sources */ = {
			isa = PBXSourcesBuildPhase;
			buildActionMask = 2147483647;
			files = (
				6AD9699829103D8100227940 /* ios_base_viperUITestsLaunchTests.swift in Sources */,
				6AD9699629103D8100227940 /* ios_base_viperUITests.swift in Sources */,
			);
			runOnlyForDeploymentPostprocessing = 0;
		};
/* End PBXSourcesBuildPhase section */

/* Begin PBXTargetDependency section */
		6AD9698929103D8100227940 /* PBXTargetDependency */ = {
			isa = PBXTargetDependency;
			target = 6AD9697029103D8000227940 /* ios-base-viper */;
			targetProxy = 6AD9698829103D8100227940 /* PBXContainerItemProxy */;
		};
		6AD9699329103D8100227940 /* PBXTargetDependency */ = {
			isa = PBXTargetDependency;
			target = 6AD9697029103D8000227940 /* ios-base-viper */;
			targetProxy = 6AD9699229103D8100227940 /* PBXContainerItemProxy */;
		};
/* End PBXTargetDependency section */

/* Begin PBXVariantGroup section */
		6AD9697F29103D8100227940 /* LaunchScreen.storyboard */ = {
			isa = PBXVariantGroup;
			children = (
				6AD9698029103D8100227940 /* Base */,
			);
			name = LaunchScreen.storyboard;
			sourceTree = "<group>";
		};
/* End PBXVariantGroup section */

/* Begin XCBuildConfiguration section */
		6AD9699929103D8100227940 /* Debug */ = {
			isa = XCBuildConfiguration;
			buildSettings = {
				ALWAYS_SEARCH_USER_PATHS = NO;
				CLANG_ANALYZER_NONNULL = YES;
				CLANG_ANALYZER_NUMBER_OBJECT_CONVERSION = YES_AGGRESSIVE;
				CLANG_CXX_LANGUAGE_STANDARD = "gnu++17";
				CLANG_ENABLE_MODULES = YES;
				CLANG_ENABLE_OBJC_ARC = YES;
				CLANG_ENABLE_OBJC_WEAK = YES;
				CLANG_WARN_BLOCK_CAPTURE_AUTORELEASING = YES;
				CLANG_WARN_BOOL_CONVERSION = YES;
				CLANG_WARN_COMMA = YES;
				CLANG_WARN_CONSTANT_CONVERSION = YES;
				CLANG_WARN_DEPRECATED_OBJC_IMPLEMENTATIONS = YES;
				CLANG_WARN_DIRECT_OBJC_ISA_USAGE = YES_ERROR;
				CLANG_WARN_DOCUMENTATION_COMMENTS = YES;
				CLANG_WARN_EMPTY_BODY = YES;
				CLANG_WARN_ENUM_CONVERSION = YES;
				CLANG_WARN_INFINITE_RECURSION = YES;
				CLANG_WARN_INT_CONVERSION = YES;
				CLANG_WARN_NON_LITERAL_NULL_CONVERSION = YES;
				CLANG_WARN_OBJC_IMPLICIT_RETAIN_SELF = YES;
				CLANG_WARN_OBJC_LITERAL_CONVERSION = YES;
				CLANG_WARN_OBJC_ROOT_CLASS = YES_ERROR;
				CLANG_WARN_QUOTED_INCLUDE_IN_FRAMEWORK_HEADER = YES;
				CLANG_WARN_RANGE_LOOP_ANALYSIS = YES;
				CLANG_WARN_STRICT_PROTOTYPES = YES;
				CLANG_WARN_SUSPICIOUS_MOVE = YES;
				CLANG_WARN_UNGUARDED_AVAILABILITY = YES_AGGRESSIVE;
				CLANG_WARN_UNREACHABLE_CODE = YES;
				CLANG_WARN__DUPLICATE_METHOD_MATCH = YES;
				COPY_PHASE_STRIP = NO;
				DEBUG_INFORMATION_FORMAT = dwarf;
				ENABLE_STRICT_OBJC_MSGSEND = YES;
				ENABLE_TESTABILITY = YES;
				GCC_C_LANGUAGE_STANDARD = gnu11;
				GCC_DYNAMIC_NO_PIC = NO;
				GCC_NO_COMMON_BLOCKS = YES;
				GCC_OPTIMIZATION_LEVEL = 0;
				GCC_PREPROCESSOR_DEFINITIONS = (
					"DEBUG=1",
					"$(inherited)",
				);
				GCC_WARN_64_TO_32_BIT_CONVERSION = YES;
				GCC_WARN_ABOUT_RETURN_TYPE = YES_ERROR;
				GCC_WARN_UNDECLARED_SELECTOR = YES;
				GCC_WARN_UNINITIALIZED_AUTOS = YES_AGGRESSIVE;
				GCC_WARN_UNUSED_FUNCTION = YES;
				GCC_WARN_UNUSED_VARIABLE = YES;
				IPHONEOS_DEPLOYMENT_TARGET = 15.5;
				MTL_ENABLE_DEBUG_INFO = INCLUDE_SOURCE;
				MTL_FAST_MATH = YES;
				ONLY_ACTIVE_ARCH = YES;
				SDKROOT = iphoneos;
				SWIFT_ACTIVE_COMPILATION_CONDITIONS = DEBUG;
				SWIFT_OPTIMIZATION_LEVEL = "-Onone";
			};
			name = Debug;
		};
		6AD9699A29103D8100227940 /* Release */ = {
			isa = XCBuildConfiguration;
			buildSettings = {
				ALWAYS_SEARCH_USER_PATHS = NO;
				CLANG_ANALYZER_NONNULL = YES;
				CLANG_ANALYZER_NUMBER_OBJECT_CONVERSION = YES_AGGRESSIVE;
				CLANG_CXX_LANGUAGE_STANDARD = "gnu++17";
				CLANG_ENABLE_MODULES = YES;
				CLANG_ENABLE_OBJC_ARC = YES;
				CLANG_ENABLE_OBJC_WEAK = YES;
				CLANG_WARN_BLOCK_CAPTURE_AUTORELEASING = YES;
				CLANG_WARN_BOOL_CONVERSION = YES;
				CLANG_WARN_COMMA = YES;
				CLANG_WARN_CONSTANT_CONVERSION = YES;
				CLANG_WARN_DEPRECATED_OBJC_IMPLEMENTATIONS = YES;
				CLANG_WARN_DIRECT_OBJC_ISA_USAGE = YES_ERROR;
				CLANG_WARN_DOCUMENTATION_COMMENTS = YES;
				CLANG_WARN_EMPTY_BODY = YES;
				CLANG_WARN_ENUM_CONVERSION = YES;
				CLANG_WARN_INFINITE_RECURSION = YES;
				CLANG_WARN_INT_CONVERSION = YES;
				CLANG_WARN_NON_LITERAL_NULL_CONVERSION = YES;
				CLANG_WARN_OBJC_IMPLICIT_RETAIN_SELF = YES;
				CLANG_WARN_OBJC_LITERAL_CONVERSION = YES;
				CLANG_WARN_OBJC_ROOT_CLASS = YES_ERROR;
				CLANG_WARN_QUOTED_INCLUDE_IN_FRAMEWORK_HEADER = YES;
				CLANG_WARN_RANGE_LOOP_ANALYSIS = YES;
				CLANG_WARN_STRICT_PROTOTYPES = YES;
				CLANG_WARN_SUSPICIOUS_MOVE = YES;
				CLANG_WARN_UNGUARDED_AVAILABILITY = YES_AGGRESSIVE;
				CLANG_WARN_UNREACHABLE_CODE = YES;
				CLANG_WARN__DUPLICATE_METHOD_MATCH = YES;
				COPY_PHASE_STRIP = NO;
				DEBUG_INFORMATION_FORMAT = "dwarf-with-dsym";
				ENABLE_NS_ASSERTIONS = NO;
				ENABLE_STRICT_OBJC_MSGSEND = YES;
				GCC_C_LANGUAGE_STANDARD = gnu11;
				GCC_NO_COMMON_BLOCKS = YES;
				GCC_WARN_64_TO_32_BIT_CONVERSION = YES;
				GCC_WARN_ABOUT_RETURN_TYPE = YES_ERROR;
				GCC_WARN_UNDECLARED_SELECTOR = YES;
				GCC_WARN_UNINITIALIZED_AUTOS = YES_AGGRESSIVE;
				GCC_WARN_UNUSED_FUNCTION = YES;
				GCC_WARN_UNUSED_VARIABLE = YES;
				IPHONEOS_DEPLOYMENT_TARGET = 15.5;
				MTL_ENABLE_DEBUG_INFO = NO;
				MTL_FAST_MATH = YES;
				SDKROOT = iphoneos;
				SWIFT_COMPILATION_MODE = wholemodule;
				SWIFT_OPTIMIZATION_LEVEL = "-O";
				VALIDATE_PRODUCT = YES;
			};
			name = Release;
		};
		6AD9699C29103D8100227940 /* Debug */ = {
			isa = XCBuildConfiguration;
			baseConfigurationReference = B75A8114D39B82A7AF2E2D72 /* Pods-ios-base-viper.debug.xcconfig */;
			buildSettings = {
				ASSETCATALOG_COMPILER_APPICON_NAME = AppIcon;
				ASSETCATALOG_COMPILER_GLOBAL_ACCENT_COLOR_NAME = AccentColor;
				CODE_SIGN_STYLE = Automatic;
				CURRENT_PROJECT_VERSION = 1;
				GENERATE_INFOPLIST_FILE = YES;
				INFOPLIST_FILE = "ios-base-viper/Info.plist";
				INFOPLIST_KEY_UIApplicationSupportsIndirectInputEvents = YES;
				INFOPLIST_KEY_UILaunchStoryboardName = LaunchScreen;
				INFOPLIST_KEY_UISupportedInterfaceOrientations_iPad = "UIInterfaceOrientationPortrait UIInterfaceOrientationPortraitUpsideDown UIInterfaceOrientationLandscapeLeft UIInterfaceOrientationLandscapeRight";
				INFOPLIST_KEY_UISupportedInterfaceOrientations_iPhone = "UIInterfaceOrientationPortrait UIInterfaceOrientationLandscapeLeft UIInterfaceOrientationLandscapeRight";
				LD_RUNPATH_SEARCH_PATHS = (
					"$(inherited)",
					"@executable_path/Frameworks",
				);
				MARKETING_VERSION = 1.0;
				PRODUCT_BUNDLE_IDENTIFIER = "cakk-base-app-viper.ios-base-viper";
				PRODUCT_NAME = "$(TARGET_NAME)";
				SWIFT_EMIT_LOC_STRINGS = YES;
				SWIFT_VERSION = 5.0;
				TARGETED_DEVICE_FAMILY = "1,2";
			};
			name = Debug;
		};
		6AD9699D29103D8100227940 /* Release */ = {
			isa = XCBuildConfiguration;
			baseConfigurationReference = A08309F317C98B3A37EA4DD0 /* Pods-ios-base-viper.release.xcconfig */;
			buildSettings = {
				ASSETCATALOG_COMPILER_APPICON_NAME = AppIcon;
				ASSETCATALOG_COMPILER_GLOBAL_ACCENT_COLOR_NAME = AccentColor;
				CODE_SIGN_STYLE = Automatic;
				CURRENT_PROJECT_VERSION = 1;
				GENERATE_INFOPLIST_FILE = YES;
				INFOPLIST_FILE = "ios-base-viper/Info.plist";
				INFOPLIST_KEY_UIApplicationSupportsIndirectInputEvents = YES;
				INFOPLIST_KEY_UILaunchStoryboardName = LaunchScreen;
				INFOPLIST_KEY_UISupportedInterfaceOrientations_iPad = "UIInterfaceOrientationPortrait UIInterfaceOrientationPortraitUpsideDown UIInterfaceOrientationLandscapeLeft UIInterfaceOrientationLandscapeRight";
				INFOPLIST_KEY_UISupportedInterfaceOrientations_iPhone = "UIInterfaceOrientationPortrait UIInterfaceOrientationLandscapeLeft UIInterfaceOrientationLandscapeRight";
				LD_RUNPATH_SEARCH_PATHS = (
					"$(inherited)",
					"@executable_path/Frameworks",
				);
				MARKETING_VERSION = 1.0;
				PRODUCT_BUNDLE_IDENTIFIER = "cakk-base-app-viper.ios-base-viper";
				PRODUCT_NAME = "$(TARGET_NAME)";
				SWIFT_EMIT_LOC_STRINGS = YES;
				SWIFT_VERSION = 5.0;
				TARGETED_DEVICE_FAMILY = "1,2";
			};
			name = Release;
		};
		6AD9699F29103D8100227940 /* Debug */ = {
			isa = XCBuildConfiguration;
			baseConfigurationReference = E2133C31C1AFA02AC08BBB29 /* Pods-ios-base-viperTests.debug.xcconfig */;
			buildSettings = {
				ALWAYS_EMBED_SWIFT_STANDARD_LIBRARIES = YES;
				BUNDLE_LOADER = "$(TEST_HOST)";
				CODE_SIGN_STYLE = Automatic;
				CURRENT_PROJECT_VERSION = 1;
				GENERATE_INFOPLIST_FILE = YES;
				IPHONEOS_DEPLOYMENT_TARGET = 15.5;
				MARKETING_VERSION = 1.0;
				PRODUCT_BUNDLE_IDENTIFIER = "cakk-base-app-viper.ios-base-viperTests";
				PRODUCT_NAME = "$(TARGET_NAME)";
				SWIFT_EMIT_LOC_STRINGS = NO;
				SWIFT_VERSION = 5.0;
				TARGETED_DEVICE_FAMILY = "1,2";
				TEST_HOST = "$(BUILT_PRODUCTS_DIR)/ios-base-viper.app/ios-base-viper";
			};
			name = Debug;
		};
		6AD969A029103D8100227940 /* Release */ = {
			isa = XCBuildConfiguration;
			baseConfigurationReference = BED51DA9AECC781ED5A1D243 /* Pods-ios-base-viperTests.release.xcconfig */;
			buildSettings = {
				ALWAYS_EMBED_SWIFT_STANDARD_LIBRARIES = YES;
				BUNDLE_LOADER = "$(TEST_HOST)";
				CODE_SIGN_STYLE = Automatic;
				CURRENT_PROJECT_VERSION = 1;
				GENERATE_INFOPLIST_FILE = YES;
				IPHONEOS_DEPLOYMENT_TARGET = 15.5;
				MARKETING_VERSION = 1.0;
				PRODUCT_BUNDLE_IDENTIFIER = "cakk-base-app-viper.ios-base-viperTests";
				PRODUCT_NAME = "$(TARGET_NAME)";
				SWIFT_EMIT_LOC_STRINGS = NO;
				SWIFT_VERSION = 5.0;
				TARGETED_DEVICE_FAMILY = "1,2";
				TEST_HOST = "$(BUILT_PRODUCTS_DIR)/ios-base-viper.app/ios-base-viper";
			};
			name = Release;
		};
		6AD969A229103D8100227940 /* Debug */ = {
			isa = XCBuildConfiguration;
			baseConfigurationReference = A022D4A94B1B077C8978E933 /* Pods-ios-base-viper-ios-base-viperUITests.debug.xcconfig */;
			buildSettings = {
				ALWAYS_EMBED_SWIFT_STANDARD_LIBRARIES = YES;
				CODE_SIGN_STYLE = Automatic;
				CURRENT_PROJECT_VERSION = 1;
				GENERATE_INFOPLIST_FILE = YES;
				MARKETING_VERSION = 1.0;
				PRODUCT_BUNDLE_IDENTIFIER = "cakk-base-app-viper.ios-base-viperUITests";
				PRODUCT_NAME = "$(TARGET_NAME)";
				SWIFT_EMIT_LOC_STRINGS = NO;
				SWIFT_VERSION = 5.0;
				TARGETED_DEVICE_FAMILY = "1,2";
				TEST_TARGET_NAME = "ios-base-viper";
			};
			name = Debug;
		};
		6AD969A329103D8100227940 /* Release */ = {
			isa = XCBuildConfiguration;
			baseConfigurationReference = D50C6F5D60DB1F7686A49A2D /* Pods-ios-base-viper-ios-base-viperUITests.release.xcconfig */;
			buildSettings = {
				ALWAYS_EMBED_SWIFT_STANDARD_LIBRARIES = YES;
				CODE_SIGN_STYLE = Automatic;
				CURRENT_PROJECT_VERSION = 1;
				GENERATE_INFOPLIST_FILE = YES;
				MARKETING_VERSION = 1.0;
				PRODUCT_BUNDLE_IDENTIFIER = "cakk-base-app-viper.ios-base-viperUITests";
				PRODUCT_NAME = "$(TARGET_NAME)";
				SWIFT_EMIT_LOC_STRINGS = NO;
				SWIFT_VERSION = 5.0;
				TARGETED_DEVICE_FAMILY = "1,2";
				TEST_TARGET_NAME = "ios-base-viper";
			};
			name = Release;
		};
/* End XCBuildConfiguration section */

/* Begin XCConfigurationList section */
		6AD9696C29103D8000227940 /* Build configuration list for PBXProject "ios-base-viper" */ = {
			isa = XCConfigurationList;
			buildConfigurations = (
				6AD9699929103D8100227940 /* Debug */,
				6AD9699A29103D8100227940 /* Release */,
			);
			defaultConfigurationIsVisible = 0;
			defaultConfigurationName = Release;
		};
		6AD9699B29103D8100227940 /* Build configuration list for PBXNativeTarget "ios-base-viper" */ = {
			isa = XCConfigurationList;
			buildConfigurations = (
				6AD9699C29103D8100227940 /* Debug */,
				6AD9699D29103D8100227940 /* Release */,
			);
			defaultConfigurationIsVisible = 0;
			defaultConfigurationName = Release;
		};
		6AD9699E29103D8100227940 /* Build configuration list for PBXNativeTarget "ios-base-viperTests" */ = {
			isa = XCConfigurationList;
			buildConfigurations = (
				6AD9699F29103D8100227940 /* Debug */,
				6AD969A029103D8100227940 /* Release */,
			);
			defaultConfigurationIsVisible = 0;
			defaultConfigurationName = Release;
		};
		6AD969A129103D8100227940 /* Build configuration list for PBXNativeTarget "ios-base-viperUITests" */ = {
			isa = XCConfigurationList;
			buildConfigurations = (
				6AD969A229103D8100227940 /* Debug */,
				6AD969A329103D8100227940 /* Release */,
			);
			defaultConfigurationIsVisible = 0;
			defaultConfigurationName = Release;
		};
/* End XCConfigurationList section */
	};
	rootObject = 6AD9696929103D8000227940 /* Project object */;
}
